
Microsoft Visual Studio Solution File, Format Version 12.00
# Visual Studio 15
VisualStudioVersion = 15.0.27703.2018
MinimumVisualStudioVersion = 10.0.40219.1
Project("{FAE04EC0-301F-11D3-BF4B-00C04F79EFBC}") = "MarketplaceWebGit", "MarketplaceWebGit\MarketplaceWebGit.csproj", "{A2FBBDE3-0515-4DF1-8820-9F1A64379ADE}"
EndProject
Global
	GlobalSection(SolutionConfigurationPlatforms) = preSolution
		Debug|Any CPU = Debug|Any CPU
		Release|Any CPU = Release|Any CPU
	EndGlobalSection
	GlobalSection(ProjectConfigurationPlatforms) = postSolution
		{A2FBBDE3-0515-4DF1-8820-9F1A64379ADE}.Debug|Any CPU.ActiveCfg = Debug|Any CPU
		{A2FBBDE3-0515-4DF1-8820-9F1A64379ADE}.Debug|Any CPU.Build.0 = Debug|Any CPU
		{A2FBBDE3-0515-4DF1-8820-9F1A64379ADE}.Release|Any CPU.ActiveCfg = Release|Any CPU
		{A2FBBDE3-0515-4DF1-8820-9F1A64379ADE}.Release|Any CPU.Build.0 = Release|Any CPU
	EndGlobalSection
	GlobalSection(SolutionProperties) = preSolution
		HideSolutionNode = FALSE
	EndGlobalSection
	GlobalSection(ExtensibilityGlobals) = postSolution
		SolutionGuid = {558852C3-A3B3-474F-8580-7C9B0BDD7811}
	EndGlobalSection
EndGlobal
